schema: '2.0'
stages:
  data_ingestion:
    cmd: python src/data/data_ingestion.py
    deps:
    - path: src/data/data_ingestion.py
      hash: md5
      md5: ede598095d129ffacaaa563a95c02015
      size: 4723
    params:
      params.yaml:
        data_ingestion.test_size: 0.2
    outs:
    - path: artifacts/data
      hash: md5
      md5: e13bcce40396cd334c8a7a334868166a.dir
      size: 6919701
      nfiles: 2
  data_preprocessing:
    cmd: python src/data/data_preprocessing.py
    deps:
    - path: artifacts/data/test.csv
      hash: md5
      md5: ea97ba82a4a25627bf4ffb52572484ea
      size: 1348612
    - path: artifacts/data/train.csv
      hash: md5
      md5: 1bd422dd6d135bced1d6c64a3e84a45d
      size: 5571089
    - path: src/data/data_preprocessing.py
      hash: md5
      md5: 061672adec4138c4cabb17fb90ec7a5e
      size: 7455
    outs:
    - path: artifacts/interim
      hash: md5
      md5: f52e8a7afc01a1921b658d65d2c207e8.dir
      size: 5033774
      nfiles: 2
  model_building:
    cmd: python src/model/model_building.py
    deps:
    - path: artifacts/interim/train_processed.csv
      hash: md5
      md5: 7ff220745e95242249c4518bf0082fd7
      size: 4052537
    - path: src/model/model_building.py
      hash: md5
      md5: 4f8d702065b74f292a471d1a5a3db42b
      size: 6052
    params:
      params.yaml:
        model_building.learning_rate: 0.08
        model_building.max_depth: 20
        model_building.max_features: 10000
        model_building.n_estimators: 350
        model_building.ngram_range:
        - 1
        - 3
    outs:
    - path: artifacts/models
      hash: md5
      md5: e782f8d98a0ba4b7eddcf597c0a8b312.dir
      size: 4334865
      nfiles: 2
  model_evaluation:
    cmd: python src/model/model_evaluation.py
    deps:
    - path: artifacts/interim/test_processed.csv
      hash: md5
      md5: bad7f64f7105375633393c3ae584c641
      size: 981237
    - path: artifacts/interim/train_processed.csv
      hash: md5
      md5: 7ff220745e95242249c4518bf0082fd7
      size: 4052537
    - path: artifacts/models/lgbm_model.pkl
      hash: md5
      md5: 59c324670a22e70f79057cfe386e1d5b
      size: 3990433
    - path: artifacts/models/tfidf_vectorizer.pkl
      hash: md5
      md5: cfd9665b03523635b8c8299d0f221396
      size: 344432
    - path: src/model/model_evaluation.py
      hash: md5
      md5: 5f7fa2668dd711763369465a047dae7e
      size: 12296
  model_registration:
    cmd: python src/model/register_model.py
    deps:
    - path: artifacts/interim/test_processed.csv
      hash: md5
      md5: bad7f64f7105375633393c3ae584c641
      size: 981237
    - path: artifacts/models/lgbm_model.pkl
      hash: md5
      md5: 59c324670a22e70f79057cfe386e1d5b
      size: 3990433
    - path: artifacts/models/tfidf_vectorizer.pkl
      hash: md5
      md5: cfd9665b03523635b8c8299d0f221396
      size: 344432
    - path: experiment_info.json
      hash: md5
      md5: 1a63f748b2c6be6f03ed334784518743
      size: 135
    - path: src/model/register_model.py
      hash: md5
      md5: 68b9b43c2e7e6186ad6a244bc5f3725d
      size: 8366
    outs:
    - path: model_registration_info.json
      hash: md5
      md5: 26900a3fe5af93164e8d6e792896cc6b
      size: 381
